
Microsoft Visual Studio Solution File, Format Version 12.00
# Visual Studio Version 16
VisualStudioVersion = 16.0.28803.452
MinimumVisualStudioVersion = 10.0.40219.1
Project("{FAE04EC0-301F-11D3-BF4B-00C04F79EFBC}") = "Develop snippets", "Develop snippets\Develop snippets.csproj", "{86DE0B7E-A480-4A31-8441-AB51B60B277F}"
EndProject
Project("{FAE04EC0-301F-11D3-BF4B-00C04F79EFBC}") = "Easter", "Easter\Easter.csproj", "{9B392F92-5539-4813-A30F-FB8518F84806}"
EndProject
Project("{FAE04EC0-301F-11D3-BF4B-00C04F79EFBC}") = "Labyrint1", "Labyrint1\Labyrint1.csproj", "{DC17287A-60A6-429B-9D05-6731D5A52CD0}"
EndProject
Project("{FAE04EC0-301F-11D3-BF4B-00C04F79EFBC}") = "TestService", "TestService\TestService.csproj", "{D5C21F43-917E-4B93-8601-F41C2A59DFC0}"
EndProject
Project("{FAE04EC0-301F-11D3-BF4B-00C04F79EFBC}") = "CovertInt1", "CovertInt1\CovertInt1.csproj", "{380260B0-DC06-4581-AD21-DA64405E8DAB}"
EndProject
Project("{FAE04EC0-301F-11D3-BF4B-00C04F79EFBC}") = "TranslateIP", "TranslateIP\TranslateIP.csproj", "{1C50259C-F6A7-49CC-AADB-AE43DAFF434A}"
EndProject
Project("{FAE04EC0-301F-11D3-BF4B-00C04F79EFBC}") = "CompleteTally", "CompleteTally\CompleteTally.csproj", "{A7B858D6-C8EE-45C1-8A40-ADA5D85C54A2}"
EndProject
Project("{FAE04EC0-301F-11D3-BF4B-00C04F79EFBC}") = "Mail1", "Mail1\Mail1.csproj", "{98393822-0DBB-4A6E-8288-4EC74FF2C325}"
EndProject
Global
	GlobalSection(SolutionConfigurationPlatforms) = preSolution
		Debug|Any CPU = Debug|Any CPU
		Release|Any CPU = Release|Any CPU
	EndGlobalSection
	GlobalSection(ProjectConfigurationPlatforms) = postSolution
		{86DE0B7E-A480-4A31-8441-AB51B60B277F}.Debug|Any CPU.ActiveCfg = Debug|Any CPU
		{86DE0B7E-A480-4A31-8441-AB51B60B277F}.Debug|Any CPU.Build.0 = Debug|Any CPU
		{86DE0B7E-A480-4A31-8441-AB51B60B277F}.Release|Any CPU.ActiveCfg = Release|Any CPU
		{86DE0B7E-A480-4A31-8441-AB51B60B277F}.Release|Any CPU.Build.0 = Release|Any CPU
		{9B392F92-5539-4813-A30F-FB8518F84806}.Debug|Any CPU.ActiveCfg = Debug|Any CPU
		{9B392F92-5539-4813-A30F-FB8518F84806}.Debug|Any CPU.Build.0 = Debug|Any CPU
		{9B392F92-5539-4813-A30F-FB8518F84806}.Release|Any CPU.ActiveCfg = Release|Any CPU
		{9B392F92-5539-4813-A30F-FB8518F84806}.Release|Any CPU.Build.0 = Release|Any CPU
		{DC17287A-60A6-429B-9D05-6731D5A52CD0}.Debug|Any CPU.ActiveCfg = Debug|Any CPU
		{DC17287A-60A6-429B-9D05-6731D5A52CD0}.Debug|Any CPU.Build.0 = Debug|Any CPU
		{DC17287A-60A6-429B-9D05-6731D5A52CD0}.Release|Any CPU.ActiveCfg = Release|Any CPU
		{DC17287A-60A6-429B-9D05-6731D5A52CD0}.Release|Any CPU.Build.0 = Release|Any CPU
		{D5C21F43-917E-4B93-8601-F41C2A59DFC0}.Debug|Any CPU.ActiveCfg = Debug|Any CPU
		{D5C21F43-917E-4B93-8601-F41C2A59DFC0}.Debug|Any CPU.Build.0 = Debug|Any CPU
		{D5C21F43-917E-4B93-8601-F41C2A59DFC0}.Release|Any CPU.ActiveCfg = Release|Any CPU
		{D5C21F43-917E-4B93-8601-F41C2A59DFC0}.Release|Any CPU.Build.0 = Release|Any CPU
		{380260B0-DC06-4581-AD21-DA64405E8DAB}.Debug|Any CPU.ActiveCfg = Debug|Any CPU
		{380260B0-DC06-4581-AD21-DA64405E8DAB}.Debug|Any CPU.Build.0 = Debug|Any CPU
		{380260B0-DC06-4581-AD21-DA64405E8DAB}.Release|Any CPU.ActiveCfg = Release|Any CPU
		{380260B0-DC06-4581-AD21-DA64405E8DAB}.Release|Any CPU.Build.0 = Release|Any CPU
		{1C50259C-F6A7-49CC-AADB-AE43DAFF434A}.Debug|Any CPU.ActiveCfg = Debug|Any CPU
		{1C50259C-F6A7-49CC-AADB-AE43DAFF434A}.Debug|Any CPU.Build.0 = Debug|Any CPU
		{1C50259C-F6A7-49CC-AADB-AE43DAFF434A}.Release|Any CPU.ActiveCfg = Release|Any CPU
		{1C50259C-F6A7-49CC-AADB-AE43DAFF434A}.Release|Any CPU.Build.0 = Release|Any CPU
		{A7B858D6-C8EE-45C1-8A40-ADA5D85C54A2}.Debug|Any CPU.ActiveCfg = Debug|Any CPU
		{A7B858D6-C8EE-45C1-8A40-ADA5D85C54A2}.Debug|Any CPU.Build.0 = Debug|Any CPU
		{A7B858D6-C8EE-45C1-8A40-ADA5D85C54A2}.Release|Any CPU.ActiveCfg = Release|Any CPU
		{A7B858D6-C8EE-45C1-8A40-ADA5D85C54A2}.Release|Any CPU.Build.0 = Release|Any CPU
		{98393822-0DBB-4A6E-8288-4EC74FF2C325}.Debug|Any CPU.ActiveCfg = Debug|Any CPU
		{98393822-0DBB-4A6E-8288-4EC74FF2C325}.Debug|Any CPU.Build.0 = Debug|Any CPU
		{98393822-0DBB-4A6E-8288-4EC74FF2C325}.Release|Any CPU.ActiveCfg = Release|Any CPU
		{98393822-0DBB-4A6E-8288-4EC74FF2C325}.Release|Any CPU.Build.0 = Release|Any CPU
	EndGlobalSection
	GlobalSection(SolutionProperties) = preSolution
		HideSolutionNode = FALSE
	EndGlobalSection
	GlobalSection(ExtensibilityGlobals) = postSolution
		SolutionGuid = {F0F04E6F-A69C-4DAF-A917-0B3B15BD8563}
	EndGlobalSection
EndGlobal
